
Microsoft Visual Studio Solution File, Format Version 12.00
# Visual Studio 15
VisualStudioVersion = 15.0.28307.106
MinimumVisualStudioVersion = 10.0.40219.1
Project("{FAE04EC0-301F-11D3-BF4B-00C04F79EFBC}") = "XamarinBlob.Android", "XamarinBlob\XamarinBlob.Android\XamarinBlob.Android.csproj", "{17A51623-98F4-4524-A877-2BFBE9964560}"
EndProject
Project("{FAE04EC0-301F-11D3-BF4B-00C04F79EFBC}") = "XamarinBlob.iOS", "XamarinBlob\XamarinBlob.iOS\XamarinBlob.iOS.csproj", "{B286A526-0A04-4E95-8188-0A41A0FBE9D7}"
EndProject
Project("{FAE04EC0-301F-11D3-BF4B-00C04F79EFBC}") = "XamarinBlob", "XamarinBlob\XamarinBlob\XamarinBlob.csproj", "{E4498737-0555-44C2-8806-24AD9DE8ADB7}"
EndProject
Global
	GlobalSection(SolutionConfigurationPlatforms) = preSolution
		Ad-Hoc|Any CPU = Ad-Hoc|Any CPU
		Ad-Hoc|iPhone = Ad-Hoc|iPhone
		Ad-Hoc|iPhoneSimulator = Ad-Hoc|iPhoneSimulator
		AppStore|Any CPU = AppStore|Any CPU
		AppStore|iPhone = AppStore|iPhone
		AppStore|iPhoneSimulator = AppStore|iPhoneSimulator
		Debug|Any CPU = Debug|Any CPU
		Debug|iPhone = Debug|iPhone
		Debug|iPhoneSimulator = Debug|iPhoneSimulator
		Release|Any CPU = Release|Any CPU
		Release|iPhone = Release|iPhone
		Release|iPhoneSimulator = Release|iPhoneSimulator
	EndGlobalSection
	GlobalSection(ProjectConfigurationPlatforms) = postSolution
		{17A51623-98F4-4524-A877-2BFBE9964560}.Ad-Hoc|Any CPU.ActiveCfg = Release|Any CPU
		{17A51623-98F4-4524-A877-2BFBE9964560}.Ad-Hoc|Any CPU.Build.0 = Release|Any CPU
		{17A51623-98F4-4524-A877-2BFBE9964560}.Ad-Hoc|Any CPU.Deploy.0 = Release|Any CPU
		{17A51623-98F4-4524-A877-2BFBE9964560}.Ad-Hoc|iPhone.ActiveCfg = Release|Any CPU
		{17A51623-98F4-4524-A877-2BFBE9964560}.Ad-Hoc|iPhone.Build.0 = Release|Any CPU
		{17A51623-98F4-4524-A877-2BFBE9964560}.Ad-Hoc|iPhone.Deploy.0 = Release|Any CPU
		{17A51623-98F4-4524-A877-2BFBE9964560}.Ad-Hoc|iPhoneSimulator.ActiveCfg = Release|Any CPU
		{17A51623-98F4-4524-A877-2BFBE9964560}.Ad-Hoc|iPhoneSimulator.Build.0 = Release|Any CPU
		{17A51623-98F4-4524-A877-2BFBE9964560}.Ad-Hoc|iPhoneSimulator.Deploy.0 = Release|Any CPU
		{17A51623-98F4-4524-A877-2BFBE9964560}.AppStore|Any CPU.ActiveCfg = Release|Any CPU
		{17A51623-98F4-4524-A877-2BFBE9964560}.AppStore|Any CPU.Build.0 = Release|Any CPU
		{17A51623-98F4-4524-A877-2BFBE9964560}.AppStore|Any CPU.Deploy.0 = Release|Any CPU
		{17A51623-98F4-4524-A877-2BFBE9964560}.AppStore|iPhone.ActiveCfg = Release|Any CPU
		{17A51623-98F4-4524-A877-2BFBE9964560}.AppStore|iPhone.Build.0 = Release|Any CPU
		{17A51623-98F4-4524-A877-2BFBE9964560}.AppStore|iPhone.Deploy.0 = Release|Any CPU
		{17A51623-98F4-4524-A877-2BFBE9964560}.AppStore|iPhoneSimulator.ActiveCfg = Release|Any CPU
		{17A51623-98F4-4524-A877-2BFBE9964560}.AppStore|iPhoneSimulator.Build.0 = Release|Any CPU
		{17A51623-98F4-4524-A877-2BFBE9964560}.AppStore|iPhoneSimulator.Deploy.0 = Release|Any CPU
		{17A51623-98F4-4524-A877-2BFBE9964560}.Debug|Any CPU.ActiveCfg = Debug|Any CPU
		{17A51623-98F4-4524-A877-2BFBE9964560}.Debug|Any CPU.Build.0 = Debug|Any CPU
		{17A51623-98F4-4524-A877-2BFBE9964560}.Debug|Any CPU.Deploy.0 = Debug|Any CPU
		{17A51623-98F4-4524-A877-2BFBE9964560}.Debug|iPhone.ActiveCfg = Debug|Any CPU
		{17A51623-98F4-4524-A877-2BFBE9964560}.Debug|iPhone.Build.0 = Debug|Any CPU
		{17A51623-98F4-4524-A877-2BFBE9964560}.Debug|iPhone.Deploy.0 = Debug|Any CPU
		{17A51623-98F4-4524-A877-2BFBE9964560}.Debug|iPhoneSimulator.ActiveCfg = Debug|Any CPU
		{17A51623-98F4-4524-A877-2BFBE9964560}.Debug|iPhoneSimulator.Build.0 = Debug|Any CPU
		{17A51623-98F4-4524-A877-2BFBE9964560}.Debug|iPhoneSimulator.Deploy.0 = Debug|Any CPU
		{17A51623-98F4-4524-A877-2BFBE9964560}.Release|Any CPU.ActiveCfg = Release|Any CPU
		{17A51623-98F4-4524-A877-2BFBE9964560}.Release|Any CPU.Build.0 = Release|Any CPU
		{17A51623-98F4-4524-A877-2BFBE9964560}.Release|Any CPU.Deploy.0 = Release|Any CPU
		{17A51623-98F4-4524-A877-2BFBE9964560}.Release|iPhone.ActiveCfg = Release|Any CPU
		{17A51623-98F4-4524-A877-2BFBE9964560}.Release|iPhone.Build.0 = Release|Any CPU
		{17A51623-98F4-4524-A877-2BFBE9964560}.Release|iPhone.Deploy.0 = Release|Any CPU
		{17A51623-98F4-4524-A877-2BFBE9964560}.Release|iPhoneSimulator.ActiveCfg = Release|Any CPU
		{17A51623-98F4-4524-A877-2BFBE9964560}.Release|iPhoneSimulator.Build.0 = Release|Any CPU
		{17A51623-98F4-4524-A877-2BFBE9964560}.Release|iPhoneSimulator.Deploy.0 = Release|Any CPU
		{B286A526-0A04-4E95-8188-0A41A0FBE9D7}.Ad-Hoc|Any CPU.ActiveCfg = Ad-Hoc|iPhone
		{B286A526-0A04-4E95-8188-0A41A0FBE9D7}.Ad-Hoc|Any CPU.Build.0 = Ad-Hoc|iPhone
		{B286A526-0A04-4E95-8188-0A41A0FBE9D7}.Ad-Hoc|Any CPU.Deploy.0 = Ad-Hoc|iPhone
		{B286A526-0A04-4E95-8188-0A41A0FBE9D7}.Ad-Hoc|iPhone.ActiveCfg = Ad-Hoc|iPhone
		{B286A526-0A04-4E95-8188-0A41A0FBE9D7}.Ad-Hoc|iPhone.Build.0 = Ad-Hoc|iPhone
		{B286A526-0A04-4E95-8188-0A41A0FBE9D7}.Ad-Hoc|iPhone.Deploy.0 = Ad-Hoc|iPhone
		{B286A526-0A04-4E95-8188-0A41A0FBE9D7}.Ad-Hoc|iPhoneSimulator.ActiveCfg = Ad-Hoc|iPhoneSimulator
		{B286A526-0A04-4E95-8188-0A41A0FBE9D7}.Ad-Hoc|iPhoneSimulator.Build.0 = Ad-Hoc|iPhoneSimulator
		{B286A526-0A04-4E95-8188-0A41A0FBE9D7}.Ad-Hoc|iPhoneSimulator.Deploy.0 = Ad-Hoc|iPhoneSimulator
		{B286A526-0A04-4E95-8188-0A41A0FBE9D7}.AppStore|Any CPU.ActiveCfg = AppStore|iPhone
		{B286A526-0A04-4E95-8188-0A41A0FBE9D7}.AppStore|Any CPU.Build.0 = AppStore|iPhone
		{B286A526-0A04-4E95-8188-0A41A0FBE9D7}.AppStore|Any CPU.Deploy.0 = AppStore|iPhone
		{B286A526-0A04-4E95-8188-0A41A0FBE9D7}.AppStore|iPhone.ActiveCfg = AppStore|iPhone
		{B286A526-0A04-4E95-8188-0A41A0FBE9D7}.AppStore|iPhone.Build.0 = AppStore|iPhone
		{B286A526-0A04-4E95-8188-0A41A0FBE9D7}.AppStore|iPhone.Deploy.0 = AppStore|iPhone
		{B286A526-0A04-4E95-8188-0A41A0FBE9D7}.AppStore|iPhoneSimulator.ActiveCfg = AppStore|iPhoneSimulator
		{B286A526-0A04-4E95-8188-0A41A0FBE9D7}.AppStore|iPhoneSimulator.Build.0 = AppStore|iPhoneSimulator
		{B286A526-0A04-4E95-8188-0A41A0FBE9D7}.AppStore|iPhoneSimulator.Deploy.0 = AppStore|iPhoneSimulator
		{B286A526-0A04-4E95-8188-0A41A0FBE9D7}.Debug|Any CPU.ActiveCfg = Debug|iPhoneSimulator
		{B286A526-0A04-4E95-8188-0A41A0FBE9D7}.Debug|Any CPU.Build.0 = Debug|iPhoneSimulator
		{B286A526-0A04-4E95-8188-0A41A0FBE9D7}.Debug|Any CPU.Deploy.0 = Debug|iPhoneSimulator
		{B286A526-0A04-4E95-8188-0A41A0FBE9D7}.Debug|iPhone.ActiveCfg = Debug|iPhone
		{B286A526-0A04-4E95-8188-0A41A0FBE9D7}.Debug|iPhone.Build.0 = Debug|iPhone
		{B286A526-0A04-4E95-8188-0A41A0FBE9D7}.Debug|iPhone.Deploy.0 = Debug|iPhone
		{B286A526-0A04-4E95-8188-0A41A0FBE9D7}.Debug|iPhoneSimulator.ActiveCfg = Debug|iPhoneSimulator
		{B286A526-0A04-4E95-8188-0A41A0FBE9D7}.Debug|iPhoneSimulator.Build.0 = Debug|iPhoneSimulator
		{B286A526-0A04-4E95-8188-0A41A0FBE9D7}.Debug|iPhoneSimulator.Deploy.0 = Debug|iPhoneSimulator
		{B286A526-0A04-4E95-8188-0A41A0FBE9D7}.Release|Any CPU.ActiveCfg = Release|iPhone
		{B286A526-0A04-4E95-8188-0A41A0FBE9D7}.Release|Any CPU.Build.0 = Release|iPhone
		{B286A526-0A04-4E95-8188-0A41A0FBE9D7}.Release|Any CPU.Deploy.0 = Release|iPhone
		{B286A526-0A04-4E95-8188-0A41A0FBE9D7}.Release|iPhone.ActiveCfg = Release|iPhone
		{B286A526-0A04-4E95-8188-0A41A0FBE9D7}.Release|iPhone.Build.0 = Release|iPhone
		{B286A526-0A04-4E95-8188-0A41A0FBE9D7}.Release|iPhone.Deploy.0 = Release|iPhone
		{B286A526-0A04-4E95-8188-0A41A0FBE9D7}.Release|iPhoneSimulator.ActiveCfg = Release|iPhoneSimulator
		{B286A526-0A04-4E95-8188-0A41A0FBE9D7}.Release|iPhoneSimulator.Build.0 = Release|iPhoneSimulator
		{B286A526-0A04-4E95-8188-0A41A0FBE9D7}.Release|iPhoneSimulator.Deploy.0 = Release|iPhoneSimulator
		{E4498737-0555-44C2-8806-24AD9DE8ADB7}.Ad-Hoc|Any CPU.ActiveCfg = Debug|Any CPU
		{E4498737-0555-44C2-8806-24AD9DE8ADB7}.Ad-Hoc|Any CPU.Build.0 = Debug|Any CPU
		{E4498737-0555-44C2-8806-24AD9DE8ADB7}.Ad-Hoc|Any CPU.Deploy.0 = Debug|Any CPU
		{E4498737-0555-44C2-8806-24AD9DE8ADB7}.Ad-Hoc|iPhone.ActiveCfg = Debug|Any CPU
		{E4498737-0555-44C2-8806-24AD9DE8ADB7}.Ad-Hoc|iPhone.Build.0 = Debug|Any CPU
		{E4498737-0555-44C2-8806-24AD9DE8ADB7}.Ad-Hoc|iPhone.Deploy.0 = Debug|Any CPU
		{E4498737-0555-44C2-8806-24AD9DE8ADB7}.Ad-Hoc|iPhoneSimulator.ActiveCfg = Debug|Any CPU
		{E4498737-0555-44C2-8806-24AD9DE8ADB7}.Ad-Hoc|iPhoneSimulator.Build.0 = Debug|Any CPU
		{E4498737-0555-44C2-8806-24AD9DE8ADB7}.Ad-Hoc|iPhoneSimulator.Deploy.0 = Debug|Any CPU
		{E4498737-0555-44C2-8806-24AD9DE8ADB7}.AppStore|Any CPU.ActiveCfg = Debug|Any CPU
		{E4498737-0555-44C2-8806-24AD9DE8ADB7}.AppStore|Any CPU.Build.0 = Debug|Any CPU
		{E4498737-0555-44C2-8806-24AD9DE8ADB7}.AppStore|Any CPU.Deploy.0 = Debug|Any CPU
		{E4498737-0555-44C2-8806-24AD9DE8ADB7}.AppStore|iPhone.ActiveCfg = Debug|Any CPU
		{E4498737-0555-44C2-8806-24AD9DE8ADB7}.AppStore|iPhone.Build.0 = Debug|Any CPU
		{E4498737-0555-44C2-8806-24AD9DE8ADB7}.AppStore|iPhone.Deploy.0 = Debug|Any CPU
		{E4498737-0555-44C2-8806-24AD9DE8ADB7}.AppStore|iPhoneSimulator.ActiveCfg = Debug|Any CPU
		{E4498737-0555-44C2-8806-24AD9DE8ADB7}.AppStore|iPhoneSimulator.Build.0 = Debug|Any CPU
		{E4498737-0555-44C2-8806-24AD9DE8ADB7}.AppStore|iPhoneSimulator.Deploy.0 = Debug|Any CPU
		{E4498737-0555-44C2-8806-24AD9DE8ADB7}.Debug|Any CPU.ActiveCfg = Debug|Any CPU
		{E4498737-0555-44C2-8806-24AD9DE8ADB7}.Debug|Any CPU.Build.0 = Debug|Any CPU
		{E4498737-0555-44C2-8806-24AD9DE8ADB7}.Debug|Any CPU.Deploy.0 = Debug|Any CPU
		{E4498737-0555-44C2-8806-24AD9DE8ADB7}.Debug|iPhone.ActiveCfg = Debug|Any CPU
		{E4498737-0555-44C2-8806-24AD9DE8ADB7}.Debug|iPhone.Build.0 = Debug|Any CPU
		{E4498737-0555-44C2-8806-24AD9DE8ADB7}.Debug|iPhone.Deploy.0 = Debug|Any CPU
		{E4498737-0555-44C2-8806-24AD9DE8ADB7}.Debug|iPhoneSimulator.ActiveCfg = Debug|Any CPU
		{E4498737-0555-44C2-8806-24AD9DE8ADB7}.Debug|iPhoneSimulator.Build.0 = Debug|Any CPU
		{E4498737-0555-44C2-8806-24AD9DE8ADB7}.Debug|iPhoneSimulator.Deploy.0 = Debug|Any CPU
		{E4498737-0555-44C2-8806-24AD9DE8ADB7}.Release|Any CPU.ActiveCfg = Release|Any CPU
		{E4498737-0555-44C2-8806-24AD9DE8ADB7}.Release|Any CPU.Build.0 = Release|Any CPU
		{E4498737-0555-44C2-8806-24AD9DE8ADB7}.Release|Any CPU.Deploy.0 = Release|Any CPU
		{E4498737-0555-44C2-8806-24AD9DE8ADB7}.Release|iPhone.ActiveCfg = Release|Any CPU
		{E4498737-0555-44C2-8806-24AD9DE8ADB7}.Release|iPhone.Build.0 = Release|Any CPU
		{E4498737-0555-44C2-8806-24AD9DE8ADB7}.Release|iPhone.Deploy.0 = Release|Any CPU
		{E4498737-0555-44C2-8806-24AD9DE8ADB7}.Release|iPhoneSimulator.ActiveCfg = Release|Any CPU
		{E4498737-0555-44C2-8806-24AD9DE8ADB7}.Release|iPhoneSimulator.Build.0 = Release|Any CPU
		{E4498737-0555-44C2-8806-24AD9DE8ADB7}.Release|iPhoneSimulator.Deploy.0 = Release|Any CPU
	EndGlobalSection
	GlobalSection(SolutionProperties) = preSolution
		HideSolutionNode = FALSE
	EndGlobalSection
	GlobalSection(ExtensibilityGlobals) = postSolution
		SolutionGuid = {B76EAE99-3C77-435D-A8DE-522597B46EC1}
	EndGlobalSection
EndGlobal
